// !$*UTF8*$!
{
	archiveVersion = 1;
	classes = {
	};
	objectVersion = 50;
	objects = {

/* Begin PBXBuildFile section */
		94F306512196418000609FA8 /* DonateAndSmile.entitlements in Resources */ = {isa = PBXBuildFile; fileRef = 94F306502196418000609FA8 /* DonateAndSmile.entitlements */; };
		94F306532196418000609FA8 /* AppDelegate.swift in Sources */ = {isa = PBXBuildFile; fileRef = 94F306522196418000609FA8 /* AppDelegate.swift */; };
		94F306562196418000609FA8 /* Main.storyboard in Resources */ = {isa = PBXBuildFile; fileRef = 94F306542196418000609FA8 /* Main.storyboard */; };
		94F306582196418000609FA8 /* ViewController.swift in Sources */ = {isa = PBXBuildFile; fileRef = 94F306572196418000609FA8 /* ViewController.swift */; };
		94F3065A2196418100609FA8 /* Assets.xcassets in Resources */ = {isa = PBXBuildFile; fileRef = 94F306592196418100609FA8 /* Assets.xcassets */; };
		94F306612196418100609FA8 /* DonateAndSmile Extension.appex in Embed App Extensions */ = {isa = PBXBuildFile; fileRef = 94F306602196418100609FA8 /* DonateAndSmile Extension.appex */; settings = {ATTRIBUTES = (RemoveHeadersOnCopy, ); }; };
		94F306662196418100609FA8 /* Cocoa.framework in Frameworks */ = {isa = PBXBuildFile; fileRef = 94F306652196418100609FA8 /* Cocoa.framework */; };
		94F306692196418100609FA8 /* SafariExtensionHandler.swift in Sources */ = {isa = PBXBuildFile; fileRef = 94F306682196418100609FA8 /* SafariExtensionHandler.swift */; };
		94F3066B2196418100609FA8 /* SafariExtensionViewController.swift in Sources */ = {isa = PBXBuildFile; fileRef = 94F3066A2196418100609FA8 /* SafariExtensionViewController.swift */; };
		94F3066E2196418100609FA8 /* SafariExtensionViewController.xib in Resources */ = {isa = PBXBuildFile; fileRef = 94F3066C2196418100609FA8 /* SafariExtensionViewController.xib */; };
		94F306712196418100609FA8 /* script.js in Resources */ = {isa = PBXBuildFile; fileRef = 94F306702196418100609FA8 /* script.js */; };
/* End PBXBuildFile section */

/* Begin PBXContainerItemProxy section */
		94F306622196418100609FA8 /* PBXContainerItemProxy */ = {
			isa = PBXContainerItemProxy;
			containerPortal = 94F306452196418000609FA8 /* Project object */;
			proxyType = 1;
			remoteGlobalIDString = 94F3065F2196418100609FA8;
			remoteInfo = "DonateAndSmile Extension";
		};
/* End PBXContainerItemProxy section */

/* Begin PBXCopyFilesBuildPhase section */
		94F3067A2196418100609FA8 /* Embed App Extensions */ = {
			isa = PBXCopyFilesBuildPhase;
			buildActionMask = 2147483647;
			dstPath = "";
			dstSubfolderSpec = 13;
			files = (
				94F306612196418100609FA8 /* DonateAndSmile Extension.appex in Embed App Extensions */,
			);
			name = "Embed App Extensions";
			runOnlyForDeploymentPostprocessing = 0;
		};
/* End PBXCopyFilesBuildPhase section */

/* Begin PBXFileReference section */
		94F3064D2196418000609FA8 /* Donate and Smile.app */ = {isa = PBXFileReference; explicitFileType = wrapper.application; includeInIndex = 0; path = "Donate and Smile.app"; sourceTree = BUILT_PRODUCTS_DIR; };
		94F306502196418000609FA8 /* DonateAndSmile.entitlements */ = {isa = PBXFileReference; lastKnownFileType = text.plist.entitlements; path = DonateAndSmile.entitlements; sourceTree = "<group>"; };
		94F306522196418000609FA8 /* AppDelegate.swift */ = {isa = PBXFileReference; lastKnownFileType = sourcecode.swift; path = AppDelegate.swift; sourceTree = "<group>"; };
		94F306552196418000609FA8 /* Base */ = {isa = PBXFileReference; lastKnownFileType = file.storyboard; name = Base; path = Base.lproj/Main.storyboard; sourceTree = "<group>"; };
		94F306572196418000609FA8 /* ViewController.swift */ = {isa = PBXFileReference; lastKnownFileType = sourcecode.swift; path = ViewController.swift; sourceTree = "<group>"; };
		94F306592196418100609FA8 /* Assets.xcassets */ = {isa = PBXFileReference; lastKnownFileType = folder.assetcatalog; path = Assets.xcassets; sourceTree = "<group>"; };
		94F3065B2196418100609FA8 /* Info.plist */ = {isa = PBXFileReference; lastKnownFileType = text.plist.xml; path = Info.plist; sourceTree = "<group>"; };
		94F306602196418100609FA8 /* DonateAndSmile Extension.appex */ = {isa = PBXFileReference; explicitFileType = "wrapper.app-extension"; includeInIndex = 0; path = "DonateAndSmile Extension.appex"; sourceTree = BUILT_PRODUCTS_DIR; };
		94F306652196418100609FA8 /* Cocoa.framework */ = {isa = PBXFileReference; lastKnownFileType = wrapper.framework; name = Cocoa.framework; path = System/Library/Frameworks/Cocoa.framework; sourceTree = SDKROOT; };
		94F306682196418100609FA8 /* SafariExtensionHandler.swift */ = {isa = PBXFileReference; lastKnownFileType = sourcecode.swift; path = SafariExtensionHandler.swift; sourceTree = "<group>"; };
		94F3066A2196418100609FA8 /* SafariExtensionViewController.swift */ = {isa = PBXFileReference; lastKnownFileType = sourcecode.swift; path = SafariExtensionViewController.swift; sourceTree = "<group>"; };
		94F3066D2196418100609FA8 /* Base */ = {isa = PBXFileReference; lastKnownFileType = file.xib; name = Base; path = Base.lproj/SafariExtensionViewController.xib; sourceTree = "<group>"; };
		94F3066F2196418100609FA8 /* Info.plist */ = {isa = PBXFileReference; lastKnownFileType = text.plist.xml; path = Info.plist; sourceTree = "<group>"; };
		94F306702196418100609FA8 /* script.js */ = {isa = PBXFileReference; lastKnownFileType = sourcecode.javascript; path = script.js; sourceTree = "<group>"; };
		94F306742196418100609FA8 /* DonateAndSmile_Extension.entitlements */ = {isa = PBXFileReference; lastKnownFileType = text.plist.entitlements; path = DonateAndSmile_Extension.entitlements; sourceTree = "<group>"; };
/* End PBXFileReference section */

/* Begin PBXFrameworksBuildPhase section */
		94F3064A2196418000609FA8 /* Frameworks */ = {
			isa = PBXFrameworksBuildPhase;
			buildActionMask = 2147483647;
			files = (
			);
			runOnlyForDeploymentPostprocessing = 0;
		};
		94F3065D2196418100609FA8 /* Frameworks */ = {
			isa = PBXFrameworksBuildPhase;
			buildActionMask = 2147483647;
			files = (
				94F306662196418100609FA8 /* Cocoa.framework in Frameworks */,
			);
			runOnlyForDeploymentPostprocessing = 0;
		};
/* End PBXFrameworksBuildPhase section */

/* Begin PBXGroup section */
		94F306442196418000609FA8 = {
			isa = PBXGroup;
			children = (
				94F3064F2196418000609FA8 /* DonateAndSmile */,
				94F306672196418100609FA8 /* DonateAndSmile Extension */,
				94F306642196418100609FA8 /* Frameworks */,
				94F3064E2196418000609FA8 /* Products */,
			);
			sourceTree = "<group>";
		};
		94F3064E2196418000609FA8 /* Products */ = {
			isa = PBXGroup;
			children = (
				94F3064D2196418000609FA8 /* Donate and Smile.app */,
				94F306602196418100609FA8 /* DonateAndSmile Extension.appex */,
			);
			name = Products;
			sourceTree = "<group>";
		};
		94F3064F2196418000609FA8 /* DonateAndSmile */ = {
			isa = PBXGroup;
			children = (
				94F306502196418000609FA8 /* DonateAndSmile.entitlements */,
				94F306522196418000609FA8 /* AppDelegate.swift */,
				94F306542196418000609FA8 /* Main.storyboard */,
				94F306572196418000609FA8 /* ViewController.swift */,
				94F306592196418100609FA8 /* Assets.xcassets */,
				94F3065B2196418100609FA8 /* Info.plist */,
			);
			path = DonateAndSmile;
			sourceTree = "<group>";
		};
		94F306642196418100609FA8 /* Frameworks */ = {
			isa = PBXGroup;
			children = (
				94F306652196418100609FA8 /* Cocoa.framework */,
			);
			name = Frameworks;
			sourceTree = "<group>";
		};
		94F306672196418100609FA8 /* DonateAndSmile Extension */ = {
			isa = PBXGroup;
			children = (
				94F306682196418100609FA8 /* SafariExtensionHandler.swift */,
				94F3066A2196418100609FA8 /* SafariExtensionViewController.swift */,
				94F3066C2196418100609FA8 /* SafariExtensionViewController.xib */,
				94F3066F2196418100609FA8 /* Info.plist */,
				94F306702196418100609FA8 /* script.js */,
				94F306742196418100609FA8 /* DonateAndSmile_Extension.entitlements */,
			);
			path = "DonateAndSmile Extension";
			sourceTree = "<group>";
		};
/* End PBXGroup section */

/* Begin PBXNativeTarget section */
		94F3064C2196418000609FA8 /* DonateAndSmile */ = {
			isa = PBXNativeTarget;
			buildConfigurationList = 94F3067B2196418100609FA8 /* Build configuration list for PBXNativeTarget "DonateAndSmile" */;
			buildPhases = (
				94F306492196418000609FA8 /* Sources */,
				94F3064A2196418000609FA8 /* Frameworks */,
				94F3064B2196418000609FA8 /* Resources */,
				94F3067A2196418100609FA8 /* Embed App Extensions */,
			);
			buildRules = (
			);
			dependencies = (
				94F306632196418100609FA8 /* PBXTargetDependency */,
			);
			name = DonateAndSmile;
			productName = DonateAndSmile;
			productReference = 94F3064D2196418000609FA8 /* Donate and Smile.app */;
			productType = "com.apple.product-type.application";
		};
		94F3065F2196418100609FA8 /* DonateAndSmile Extension */ = {
			isa = PBXNativeTarget;
			buildConfigurationList = 94F306772196418100609FA8 /* Build configuration list for PBXNativeTarget "DonateAndSmile Extension" */;
			buildPhases = (
				94F3065C2196418100609FA8 /* Sources */,
				94F3065D2196418100609FA8 /* Frameworks */,
				94F3065E2196418100609FA8 /* Resources */,
			);
			buildRules = (
			);
			dependencies = (
			);
			name = "DonateAndSmile Extension";
			productName = "DonateAndSmile Extension";
			productReference = 94F306602196418100609FA8 /* DonateAndSmile Extension.appex */;
			productType = "com.apple.product-type.app-extension";
		};
/* End PBXNativeTarget section */

/* Begin PBXProject section */
		94F306452196418000609FA8 /* Project object */ = {
			isa = PBXProject;
			attributes = {
				LastSwiftUpdateCheck = 1010;
				LastUpgradeCheck = 1010;
				ORGANIZATIONNAME = "Sublime Fund";
				TargetAttributes = {
					94F3064C2196418000609FA8 = {
						CreatedOnToolsVersion = 10.1;
					};
					94F3065F2196418100609FA8 = {
						CreatedOnToolsVersion = 10.1;
					};
				};
			};
			buildConfigurationList = 94F306482196418000609FA8 /* Build configuration list for PBXProject "DonateAndSmile" */;
			compatibilityVersion = "Xcode 9.3";
			developmentRegion = en;
			hasScannedForEncodings = 0;
			knownRegions = (
				en,
				Base,
			);
			mainGroup = 94F306442196418000609FA8;
			productRefGroup = 94F3064E2196418000609FA8 /* Products */;
			projectDirPath = "";
			projectRoot = "";
			targets = (
				94F3064C2196418000609FA8 /* DonateAndSmile */,
				94F3065F2196418100609FA8 /* DonateAndSmile Extension */,
			);
		};
/* End PBXProject section */

/* Begin PBXResourcesBuildPhase section */
		94F3064B2196418000609FA8 /* Resources */ = {
			isa = PBXResourcesBuildPhase;
			buildActionMask = 2147483647;
			files = (
				94F306512196418000609FA8 /* DonateAndSmile.entitlements in Resources */,
				94F3065A2196418100609FA8 /* Assets.xcassets in Resources */,
				94F306562196418000609FA8 /* Main.storyboard in Resources */,
			);
			runOnlyForDeploymentPostprocessing = 0;
		};
		94F3065E2196418100609FA8 /* Resources */ = {
			isa = PBXResourcesBuildPhase;
			buildActionMask = 2147483647;
			files = (
				94F3066E2196418100609FA8 /* SafariExtensionViewController.xib in Resources */,
				94F306712196418100609FA8 /* script.js in Resources */,
			);
			runOnlyForDeploymentPostprocessing = 0;
		};
/* End PBXResourcesBuildPhase section */

/* Begin PBXSourcesBuildPhase section */
		94F306492196418000609FA8 /* Sources */ = {
			isa = PBXSourcesBuildPhase;
			buildActionMask = 2147483647;
			files = (
				94F306582196418000609FA8 /* ViewController.swift in Sources */,
				94F306532196418000609FA8 /* AppDelegate.swift in Sources */,
			);
			runOnlyForDeploymentPostprocessing = 0;
		};
		94F3065C2196418100609FA8 /* Sources */ = {
			isa = PBXSourcesBuildPhase;
			buildActionMask = 2147483647;
			files = (
				94F3066B2196418100609FA8 /* SafariExtensionViewController.swift in Sources */,
				94F306692196418100609FA8 /* SafariExtensionHandler.swift in Sources */,
			);
			runOnlyForDeploymentPostprocessing = 0;
		};
/* End PBXSourcesBuildPhase section */

/* Begin PBXTargetDependency section */
		94F306632196418100609FA8 /* PBXTargetDependency */ = {
			isa = PBXTargetDependency;
			target = 94F3065F2196418100609FA8 /* DonateAndSmile Extension */;
			targetProxy = 94F306622196418100609FA8 /* PBXContainerItemProxy */;
		};
/* End PBXTargetDependency section */

/* Begin PBXVariantGroup section */
		94F306542196418000609FA8 /* Main.storyboard */ = {
			isa = PBXVariantGroup;
			children = (
				94F306552196418000609FA8 /* Base */,
			);
			name = Main.storyboard;
			sourceTree = "<group>";
		};
		94F3066C2196418100609FA8 /* SafariExtensionViewController.xib */ = {
			isa = PBXVariantGroup;
			children = (
				94F3066D2196418100609FA8 /* Base */,
			);
			name = SafariExtensionViewController.xib;
			sourceTree = "<group>";
		};
/* End PBXVariantGroup section */

/* Begin XCBuildConfiguration section */
		94F306752196418100609FA8 /* Debug */ = {
			isa = XCBuildConfiguration;
			buildSettings = {
				ALWAYS_SEARCH_USER_PATHS = NO;
				CLANG_ANALYZER_NONNULL = YES;
				CLANG_ANALYZER_NUMBER_OBJECT_CONVERSION = YES_AGGRESSIVE;
				CLANG_CXX_LANGUAGE_STANDARD = "gnu++14";
				CLANG_CXX_LIBRARY = "libc++";
				CLANG_ENABLE_MODULES = YES;
				CLANG_ENABLE_OBJC_ARC = YES;
				CLANG_ENABLE_OBJC_WEAK = YES;
				CLANG_WARN_BLOCK_CAPTURE_AUTORELEASING = YES;
				CLANG_WARN_BOOL_CONVERSION = YES;
				CLANG_WARN_COMMA = YES;
				CLANG_WARN_CONSTANT_CONVERSION = YES;
				CLANG_WARN_DEPRECATED_OBJC_IMPLEMENTATIONS = YES;
				CLANG_WARN_DIRECT_OBJC_ISA_USAGE = YES_ERROR;
				CLANG_WARN_DOCUMENTATION_COMMENTS = YES;
				CLANG_WARN_EMPTY_BODY = YES;
				CLANG_WARN_ENUM_CONVERSION = YES;
				CLANG_WARN_INFINITE_RECURSION = YES;
				CLANG_WARN_INT_CONVERSION = YES;
				CLANG_WARN_NON_LITERAL_NULL_CONVERSION = YES;
				CLANG_WARN_OBJC_IMPLICIT_RETAIN_SELF = YES;
				CLANG_WARN_OBJC_LITERAL_CONVERSION = YES;
				CLANG_WARN_OBJC_ROOT_CLASS = YES_ERROR;
				CLANG_WARN_RANGE_LOOP_ANALYSIS = YES;
				CLANG_WARN_STRICT_PROTOTYPES = YES;
				CLANG_WARN_SUSPICIOUS_MOVE = YES;
				CLANG_WARN_UNGUARDED_AVAILABILITY = YES_AGGRESSIVE;
				CLANG_WARN_UNREACHABLE_CODE = YES;
				CLANG_WARN__DUPLICATE_METHOD_MATCH = YES;
				CODE_SIGN_IDENTITY = "Mac Developer";
				COPY_PHASE_STRIP = NO;
				DEBUG_INFORMATION_FORMAT = dwarf;
				ENABLE_STRICT_OBJC_MSGSEND = YES;
				ENABLE_TESTABILITY = YES;
				GCC_C_LANGUAGE_STANDARD = gnu11;
				GCC_DYNAMIC_NO_PIC = NO;
				GCC_NO_COMMON_BLOCKS = YES;
				GCC_OPTIMIZATION_LEVEL = 0;
				GCC_PREPROCESSOR_DEFINITIONS = (
					"DEBUG=1",
					"$(inherited)",
				);
				GCC_WARN_64_TO_32_BIT_CONVERSION = YES;
				GCC_WARN_ABOUT_RETURN_TYPE = YES_ERROR;
				GCC_WARN_UNDECLARED_SELECTOR = YES;
				GCC_WARN_UNINITIALIZED_AUTOS = YES_AGGRESSIVE;
				GCC_WARN_UNUSED_FUNCTION = YES;
				GCC_WARN_UNUSED_VARIABLE = YES;
				MACOSX_DEPLOYMENT_TARGET = 10.13;
				MTL_ENABLE_DEBUG_INFO = INCLUDE_SOURCE;
				MTL_FAST_MATH = YES;
				ONLY_ACTIVE_ARCH = YES;
				SDKROOT = macosx;
				SWIFT_ACTIVE_COMPILATION_CONDITIONS = DEBUG;
				SWIFT_OPTIMIZATION_LEVEL = "-Onone";
			};
			name = Debug;
		};
		94F306762196418100609FA8 /* Release */ = {
			isa = XCBuildConfiguration;
			buildSettings = {
				ALWAYS_SEARCH_USER_PATHS = NO;
				CLANG_ANALYZER_NONNULL = YES;
				CLANG_ANALYZER_NUMBER_OBJECT_CONVERSION = YES_AGGRESSIVE;
				CLANG_CXX_LANGUAGE_STANDARD = "gnu++14";
				CLANG_CXX_LIBRARY = "libc++";
				CLANG_ENABLE_MODULES = YES;
				CLANG_ENABLE_OBJC_ARC = YES;
				CLANG_ENABLE_OBJC_WEAK = YES;
				CLANG_WARN_BLOCK_CAPTURE_AUTORELEASING = YES;
				CLANG_WARN_BOOL_CONVERSION = YES;
				CLANG_WARN_COMMA = YES;
				CLANG_WARN_CONSTANT_CONVERSION = YES;
				CLANG_WARN_DEPRECATED_OBJC_IMPLEMENTATIONS = YES;
				CLANG_WARN_DIRECT_OBJC_ISA_USAGE = YES_ERROR;
				CLANG_WARN_DOCUMENTATION_COMMENTS = YES;
				CLANG_WARN_EMPTY_BODY = YES;
				CLANG_WARN_ENUM_CONVERSION = YES;
				CLANG_WARN_INFINITE_RECURSION = YES;
				CLANG_WARN_INT_CONVERSION = YES;
				CLANG_WARN_NON_LITERAL_NULL_CONVERSION = YES;
				CLANG_WARN_OBJC_IMPLICIT_RETAIN_SELF = YES;
				CLANG_WARN_OBJC_LITERAL_CONVERSION = YES;
				CLANG_WARN_OBJC_ROOT_CLASS = YES_ERROR;
				CLANG_WARN_RANGE_LOOP_ANALYSIS = YES;
				CLANG_WARN_STRICT_PROTOTYPES = YES;
				CLANG_WARN_SUSPICIOUS_MOVE = YES;
				CLANG_WARN_UNGUARDED_AVAILABILITY = YES_AGGRESSIVE;
				CLANG_WARN_UNREACHABLE_CODE = YES;
				CLANG_WARN__DUPLICATE_METHOD_MATCH = YES;
				CODE_SIGN_IDENTITY = "Mac Developer";
				COPY_PHASE_STRIP = NO;
				DEBUG_INFORMATION_FORMAT = "dwarf-with-dsym";
				ENABLE_NS_ASSERTIONS = NO;
				ENABLE_STRICT_OBJC_MSGSEND = YES;
				GCC_C_LANGUAGE_STANDARD = gnu11;
				GCC_NO_COMMON_BLOCKS = YES;
				GCC_WARN_64_TO_32_BIT_CONVERSION = YES;
				GCC_WARN_ABOUT_RETURN_TYPE = YES_ERROR;
				GCC_WARN_UNDECLARED_SELECTOR = YES;
				GCC_WARN_UNINITIALIZED_AUTOS = YES_AGGRESSIVE;
				GCC_WARN_UNUSED_FUNCTION = YES;
				GCC_WARN_UNUSED_VARIABLE = YES;
				MACOSX_DEPLOYMENT_TARGET = 10.13;
				MTL_ENABLE_DEBUG_INFO = NO;
				MTL_FAST_MATH = YES;
				SDKROOT = macosx;
				SWIFT_COMPILATION_MODE = wholemodule;
				SWIFT_OPTIMIZATION_LEVEL = "-O";
			};
			name = Release;
		};
		94F306782196418100609FA8 /* Debug */ = {
			isa = XCBuildConfiguration;
			buildSettings = {
				CODE_SIGN_ENTITLEMENTS = "DonateAndSmile Extension/DonateAndSmile_Extension.entitlements";
				CODE_SIGN_STYLE = Automatic;
				DEVELOPMENT_TEAM = CN77K33C2C;
				INFOPLIST_FILE = "DonateAndSmile Extension/Info.plist";
				LD_RUNPATH_SEARCH_PATHS = (
					"$(inherited)",
					"@executable_path/../Frameworks",
					"@executable_path/../../../../Frameworks",
				);
				PRODUCT_BUNDLE_IDENTIFIER = org.sublimefund.DonateAndSmile.safari;
				PRODUCT_NAME = "$(TARGET_NAME)";
				SKIP_INSTALL = YES;
				SWIFT_VERSION = 4.2;
			};
			name = Debug;
		};
		94F306792196418100609FA8 /* Release */ = {
			isa = XCBuildConfiguration;
			buildSettings = {
				CODE_SIGN_ENTITLEMENTS = "DonateAndSmile Extension/DonateAndSmile_Extension.entitlements";
				CODE_SIGN_STYLE = Automatic;
				DEVELOPMENT_TEAM = CN77K33C2C;
				INFOPLIST_FILE = "DonateAndSmile Extension/Info.plist";
				LD_RUNPATH_SEARCH_PATHS = (
					"$(inherited)",
					"@executable_path/../Frameworks",
					"@executable_path/../../../../Frameworks",
				);
				PRODUCT_BUNDLE_IDENTIFIER = org.sublimefund.DonateAndSmile.safari;
				PRODUCT_NAME = "$(TARGET_NAME)";
				SKIP_INSTALL = YES;
				SWIFT_VERSION = 4.2;
			};
			name = Release;
		};
		94F3067C2196418100609FA8 /* Debug */ = {
			isa = XCBuildConfiguration;
			buildSettings = {
				ALWAYS_EMBED_SWIFT_STANDARD_LIBRARIES = YES;
				ASSETCATALOG_COMPILER_APPICON_NAME = AppIcon;
				CODE_SIGN_ENTITLEMENTS = DonateAndSmile/DonateAndSmile.entitlements;
				CODE_SIGN_STYLE = Automatic;
				COMBINE_HIDPI_IMAGES = YES;
				DEVELOPMENT_TEAM = CN77K33C2C;
				INFOPLIST_FILE = DonateAndSmile/Info.plist;
				LD_RUNPATH_SEARCH_PATHS = (
					"$(inherited)",
					"@executable_path/../Frameworks",
				);
				PRODUCT_BUNDLE_IDENTIFIER = org.sublimefund.DonateAndSmile;
				PRODUCT_NAME = "Donate and Smile";
				SWIFT_VERSION = 4.2;
			};
			name = Debug;
		};
		94F3067D2196418100609FA8 /* Release */ = {
			isa = XCBuildConfiguration;
			buildSettings = {
				ALWAYS_EMBED_SWIFT_STANDARD_LIBRARIES = YES;
				ASSETCATALOG_COMPILER_APPICON_NAME = AppIcon;
				CODE_SIGN_ENTITLEMENTS = DonateAndSmile/DonateAndSmile.entitlements;
				CODE_SIGN_STYLE = Automatic;
				COMBINE_HIDPI_IMAGES = YES;
				DEVELOPMENT_TEAM = CN77K33C2C;
				INFOPLIST_FILE = DonateAndSmile/Info.plist;
				LD_RUNPATH_SEARCH_PATHS = (
					"$(inherited)",
					"@executable_path/../Frameworks",
				);
				PRODUCT_BUNDLE_IDENTIFIER = org.sublimefund.DonateAndSmile;
				PRODUCT_NAME = "Donate and Smile";
				SWIFT_VERSION = 4.2;
			};
			name = Release;
		};
/* End XCBuildConfiguration section */

/* Begin XCConfigurationList section */
		94F306482196418000609FA8 /* Build configuration list for PBXProject "DonateAndSmile" */ = {
			isa = XCConfigurationList;
			buildConfigurations = (
				94F306752196418100609FA8 /* Debug */,
				94F306762196418100609FA8 /* Release */,
			);
			defaultConfigurationIsVisible = 0;
			defaultConfigurationName = Release;
		};
		94F306772196418100609FA8 /* Build configuration list for PBXNativeTarget "DonateAndSmile Extension" */ = {
			isa = XCConfigurationList;
			buildConfigurations = (
				94F306782196418100609FA8 /* Debug */,
				94F306792196418100609FA8 /* Release */,
			);
			defaultConfigurationIsVisible = 0;
			defaultConfigurationName = Release;
		};
		94F3067B2196418100609FA8 /* Build configuration list for PBXNativeTarget "DonateAndSmile" */ = {
			isa = XCConfigurationList;
			buildConfigurations = (
				94F3067C2196418100609FA8 /* Debug */,
				94F3067D2196418100609FA8 /* Release */,
			);
			defaultConfigurationIsVisible = 0;
			defaultConfigurationName = Release;
		};
/* End XCConfigurationList section */
	};
	rootObject = 94F306452196418000609FA8 /* Project object */;
}
